
Microsoft Visual Studio Solution File, Format Version 12.00
# Visual Studio Version 17
VisualStudioVersion = 17.4.33103.184
MinimumVisualStudioVersion = 10.0.40219.1
Project("{FAE04EC0-301F-11D3-BF4B-00C04F79EFBC}") = "MatchingGames", "MatchingGames\MatchingGames.csproj", "{55D8B58A-08EF-4221-8746-8F351FA2B32E}"
EndProject
Global
	GlobalSection(SolutionConfigurationPlatforms) = preSolution
		Debug|Any CPU = Debug|Any CPU
		Release|Any CPU = Release|Any CPU
	EndGlobalSection
	GlobalSection(ProjectConfigurationPlatforms) = postSolution
		{55D8B58A-08EF-4221-8746-8F351FA2B32E}.Debug|Any CPU.ActiveCfg = Debug|Any CPU
		{55D8B58A-08EF-4221-8746-8F351FA2B32E}.Debug|Any CPU.Build.0 = Debug|Any CPU
		{55D8B58A-08EF-4221-8746-8F351FA2B32E}.Release|Any CPU.ActiveCfg = Release|Any CPU
		{55D8B58A-08EF-4221-8746-8F351FA2B32E}.Release|Any CPU.Build.0 = Release|Any CPU
	EndGlobalSection
	GlobalSection(SolutionProperties) = preSolution
		HideSolutionNode = FALSE
	EndGlobalSection
	GlobalSection(ExtensibilityGlobals) = postSolution
		SolutionGuid = {EA07E14F-F27A-45CD-BDA2-53FB035B77FE}
	EndGlobalSection
EndGlobal
